
Microsoft Visual Studio Solution File, Format Version 12.00
# Visual Studio Version 16
VisualStudioVersion = 16.0.28922.388
MinimumVisualStudioVersion = 10.0.40219.1
Project("{FAE04EC0-301F-11D3-BF4B-00C04F79EFBC}") = "DentistBlog", "DentistBlog\DentistBlog.csproj", "{156EFE89-C11E-4FBF-AC64-C777E613EDF2}"
EndProject
Global
	GlobalSection(SolutionConfigurationPlatforms) = preSolution
		Debug|Any CPU = Debug|Any CPU
		Release|Any CPU = Release|Any CPU
	EndGlobalSection
	GlobalSection(ProjectConfigurationPlatforms) = postSolution
		{156EFE89-C11E-4FBF-AC64-C777E613EDF2}.Debug|Any CPU.ActiveCfg = Debug|Any CPU
		{156EFE89-C11E-4FBF-AC64-C777E613EDF2}.Debug|Any CPU.Build.0 = Debug|Any CPU
		{156EFE89-C11E-4FBF-AC64-C777E613EDF2}.Release|Any CPU.ActiveCfg = Release|Any CPU
		{156EFE89-C11E-4FBF-AC64-C777E613EDF2}.Release|Any CPU.Build.0 = Release|Any CPU
	EndGlobalSection
	GlobalSection(SolutionProperties) = preSolution
		HideSolutionNode = FALSE
	EndGlobalSection
	GlobalSection(ExtensibilityGlobals) = postSolution
		SolutionGuid = {E54931B0-EF12-43ED-9480-045915120AB0}
	EndGlobalSection
EndGlobal
